// !$*UTF8*$!
{
	archiveVersion = 1;
	classes = {
	};
	objectVersion = 48;
	objects = {

/* Begin PBXBuildFile section */
		10D1EF00A2B8631369AA13BF /* Pods_FlashcardsWithFirebaseTests.framework in Frameworks */ = {isa = PBXBuildFile; fileRef = 130E82F71874AAA691054BC4 /* Pods_FlashcardsWithFirebaseTests.framework */; };
		8137608F2032525E00F5C033 /* AppDelegate.swift in Sources */ = {isa = PBXBuildFile; fileRef = 8137608E2032525E00F5C033 /* AppDelegate.swift */; };
		813760912032525E00F5C033 /* MainViewController.swift in Sources */ = {isa = PBXBuildFile; fileRef = 813760902032525E00F5C033 /* MainViewController.swift */; };
		813760942032525E00F5C033 /* Main.storyboard in Resources */ = {isa = PBXBuildFile; fileRef = 813760922032525E00F5C033 /* Main.storyboard */; };
		813760962032525E00F5C033 /* Assets.xcassets in Resources */ = {isa = PBXBuildFile; fileRef = 813760952032525E00F5C033 /* Assets.xcassets */; };
		813760992032525E00F5C033 /* LaunchScreen.storyboard in Resources */ = {isa = PBXBuildFile; fileRef = 813760972032525E00F5C033 /* LaunchScreen.storyboard */; };
		813760A42032525E00F5C033 /* FlashcardsWithFirebaseTests.swift in Sources */ = {isa = PBXBuildFile; fileRef = 813760A32032525E00F5C033 /* FlashcardsWithFirebaseTests.swift */; };
		813760AF2032525E00F5C033 /* FlashcardsWithFirebaseUITests.swift in Sources */ = {isa = PBXBuildFile; fileRef = 813760AE2032525E00F5C033 /* FlashcardsWithFirebaseUITests.swift */; };
		813760BD203275FD00F5C033 /* AccountViewController.swift in Sources */ = {isa = PBXBuildFile; fileRef = 813760BC203275FD00F5C033 /* AccountViewController.swift */; };
		813760BF2032773600F5C033 /* SignUp.swift in Sources */ = {isa = PBXBuildFile; fileRef = 813760BE2032773600F5C033 /* SignUp.swift */; };
		813760C120327AC000F5C033 /* SignIn.swift in Sources */ = {isa = PBXBuildFile; fileRef = 813760C020327AC000F5C033 /* SignIn.swift */; };
		8137610B20349A2C00F5C033 /* GoogleService-Info.plist in Resources */ = {isa = PBXBuildFile; fileRef = 8137610A20349A2C00F5C033 /* GoogleService-Info.plist */; };
		8137610D2034A26800F5C033 /* FirebaseModel.swift in Sources */ = {isa = PBXBuildFile; fileRef = 8137610C2034A26800F5C033 /* FirebaseModel.swift */; };
		8137610F2034A4A700F5C033 /* FirebaseManager.swift in Sources */ = {isa = PBXBuildFile; fileRef = 8137610E2034A4A700F5C033 /* FirebaseManager.swift */; };
		81C3CC452038A40B003F781B /* CategoryCollectionCell.swift in Sources */ = {isa = PBXBuildFile; fileRef = 81C3CC442038A40B003F781B /* CategoryCollectionCell.swift */; };
		81C3CC472038A4C1003F781B /* Settings.swift in Sources */ = {isa = PBXBuildFile; fileRef = 81C3CC462038A4C1003F781B /* Settings.swift */; };
		81D958532035ED6B001DB217 /* MainView.swift in Sources */ = {isa = PBXBuildFile; fileRef = 81D958522035ED6B001DB217 /* MainView.swift */; };
		81D9585520362E61001DB217 /* FlashCardViewController.swift in Sources */ = {isa = PBXBuildFile; fileRef = 81D9585420362E61001DB217 /* FlashCardViewController.swift */; };
		81D9585720362E8A001DB217 /* FlashCardView.swift in Sources */ = {isa = PBXBuildFile; fileRef = 81D9585620362E8A001DB217 /* FlashCardView.swift */; };
		81D9585920362F71001DB217 /* CreateViewController.swift in Sources */ = {isa = PBXBuildFile; fileRef = 81D9585820362F71001DB217 /* CreateViewController.swift */; };
		81D9585D20363016001DB217 /* CreateView.swift in Sources */ = {isa = PBXBuildFile; fileRef = 81D9585C20363016001DB217 /* CreateView.swift */; };
		C7B0FE63402E0518B26E7097 /* Pods_FlashcardsWithFirebase.framework in Frameworks */ = {isa = PBXBuildFile; fileRef = 7FEC505D052CE1168CC3E274 /* Pods_FlashcardsWithFirebase.framework */; };
		ED8D379EFDC28B17B04E1AA2 /* Pods_FlashcardsWithFirebaseUITests.framework in Frameworks */ = {isa = PBXBuildFile; fileRef = 56934A9F80B312A306CE6EF1 /* Pods_FlashcardsWithFirebaseUITests.framework */; };
/* End PBXBuildFile section */

/* Begin PBXContainerItemProxy section */
		813760A02032525E00F5C033 /* PBXContainerItemProxy */ = {
			isa = PBXContainerItemProxy;
			containerPortal = 813760832032525E00F5C033 /* Project object */;
			proxyType = 1;
			remoteGlobalIDString = 8137608A2032525E00F5C033;
			remoteInfo = FlashcardsWithFirebase;
		};
		813760AB2032525E00F5C033 /* PBXContainerItemProxy */ = {
			isa = PBXContainerItemProxy;
			containerPortal = 813760832032525E00F5C033 /* Project object */;
			proxyType = 1;
			remoteGlobalIDString = 8137608A2032525E00F5C033;
			remoteInfo = FlashcardsWithFirebase;
		};
/* End PBXContainerItemProxy section */

/* Begin PBXFileReference section */
		130E82F71874AAA691054BC4 /* Pods_FlashcardsWithFirebaseTests.framework */ = {isa = PBXFileReference; explicitFileType = wrapper.framework; includeInIndex = 0; path = Pods_FlashcardsWithFirebaseTests.framework; sourceTree = BUILT_PRODUCTS_DIR; };
		56934A9F80B312A306CE6EF1 /* Pods_FlashcardsWithFirebaseUITests.framework */ = {isa = PBXFileReference; explicitFileType = wrapper.framework; includeInIndex = 0; path = Pods_FlashcardsWithFirebaseUITests.framework; sourceTree = BUILT_PRODUCTS_DIR; };
		624373ACC95D8F766FED451B /* Pods-FlashcardsWithFirebaseTests.debug.xcconfig */ = {isa = PBXFileReference; includeInIndex = 1; lastKnownFileType = text.xcconfig; name = "Pods-FlashcardsWithFirebaseTests.debug.xcconfig"; path = "Pods/Target Support Files/Pods-FlashcardsWithFirebaseTests/Pods-FlashcardsWithFirebaseTests.debug.xcconfig"; sourceTree = "<group>"; };
		7FEC505D052CE1168CC3E274 /* Pods_FlashcardsWithFirebase.framework */ = {isa = PBXFileReference; explicitFileType = wrapper.framework; includeInIndex = 0; path = Pods_FlashcardsWithFirebase.framework; sourceTree = BUILT_PRODUCTS_DIR; };
		8137608B2032525E00F5C033 /* FlashcardsWithFirebase.app */ = {isa = PBXFileReference; explicitFileType = wrapper.application; includeInIndex = 0; path = FlashcardsWithFirebase.app; sourceTree = BUILT_PRODUCTS_DIR; };
		8137608E2032525E00F5C033 /* AppDelegate.swift */ = {isa = PBXFileReference; lastKnownFileType = sourcecode.swift; path = AppDelegate.swift; sourceTree = "<group>"; };
		813760902032525E00F5C033 /* MainViewController.swift */ = {isa = PBXFileReference; lastKnownFileType = sourcecode.swift; path = MainViewController.swift; sourceTree = "<group>"; };
		813760932032525E00F5C033 /* Base */ = {isa = PBXFileReference; lastKnownFileType = file.storyboard; name = Base; path = Base.lproj/Main.storyboard; sourceTree = "<group>"; };
		813760952032525E00F5C033 /* Assets.xcassets */ = {isa = PBXFileReference; lastKnownFileType = folder.assetcatalog; path = Assets.xcassets; sourceTree = "<group>"; };
		813760982032525E00F5C033 /* Base */ = {isa = PBXFileReference; lastKnownFileType = file.storyboard; name = Base; path = Base.lproj/LaunchScreen.storyboard; sourceTree = "<group>"; };
		8137609A2032525E00F5C033 /* Info.plist */ = {isa = PBXFileReference; lastKnownFileType = text.plist.xml; path = Info.plist; sourceTree = "<group>"; };
		8137609F2032525E00F5C033 /* FlashcardsWithFirebaseTests.xctest */ = {isa = PBXFileReference; explicitFileType = wrapper.cfbundle; includeInIndex = 0; path = FlashcardsWithFirebaseTests.xctest; sourceTree = BUILT_PRODUCTS_DIR; };
		813760A32032525E00F5C033 /* FlashcardsWithFirebaseTests.swift */ = {isa = PBXFileReference; lastKnownFileType = sourcecode.swift; path = FlashcardsWithFirebaseTests.swift; sourceTree = "<group>"; };
		813760A52032525E00F5C033 /* Info.plist */ = {isa = PBXFileReference; lastKnownFileType = text.plist.xml; path = Info.plist; sourceTree = "<group>"; };
		813760AA2032525E00F5C033 /* FlashcardsWithFirebaseUITests.xctest */ = {isa = PBXFileReference; explicitFileType = wrapper.cfbundle; includeInIndex = 0; path = FlashcardsWithFirebaseUITests.xctest; sourceTree = BUILT_PRODUCTS_DIR; };
		813760AE2032525E00F5C033 /* FlashcardsWithFirebaseUITests.swift */ = {isa = PBXFileReference; lastKnownFileType = sourcecode.swift; path = FlashcardsWithFirebaseUITests.swift; sourceTree = "<group>"; };
		813760B02032525E00F5C033 /* Info.plist */ = {isa = PBXFileReference; lastKnownFileType = text.plist.xml; path = Info.plist; sourceTree = "<group>"; };
		813760BC203275FD00F5C033 /* AccountViewController.swift */ = {isa = PBXFileReference; lastKnownFileType = sourcecode.swift; path = AccountViewController.swift; sourceTree = "<group>"; };
		813760BE2032773600F5C033 /* SignUp.swift */ = {isa = PBXFileReference; lastKnownFileType = sourcecode.swift; path = SignUp.swift; sourceTree = "<group>"; };
		813760C020327AC000F5C033 /* SignIn.swift */ = {isa = PBXFileReference; lastKnownFileType = sourcecode.swift; path = SignIn.swift; sourceTree = "<group>"; };
		8137610A20349A2C00F5C033 /* GoogleService-Info.plist */ = {isa = PBXFileReference; fileEncoding = 4; lastKnownFileType = text.plist.xml; path = "GoogleService-Info.plist"; sourceTree = SOURCE_ROOT; };
		8137610C2034A26800F5C033 /* FirebaseModel.swift */ = {isa = PBXFileReference; lastKnownFileType = sourcecode.swift; path = FirebaseModel.swift; sourceTree = "<group>"; };
		8137610E2034A4A700F5C033 /* FirebaseManager.swift */ = {isa = PBXFileReference; lastKnownFileType = sourcecode.swift; path = FirebaseManager.swift; sourceTree = "<group>"; };
		81C3CC442038A40B003F781B /* CategoryCollectionCell.swift */ = {isa = PBXFileReference; lastKnownFileType = sourcecode.swift; path = CategoryCollectionCell.swift; sourceTree = "<group>"; };
		81C3CC462038A4C1003F781B /* Settings.swift */ = {isa = PBXFileReference; lastKnownFileType = sourcecode.swift; path = Settings.swift; sourceTree = "<group>"; };
		81D958522035ED6B001DB217 /* MainView.swift */ = {isa = PBXFileReference; lastKnownFileType = sourcecode.swift; path = MainView.swift; sourceTree = "<group>"; };
		81D9585420362E61001DB217 /* FlashCardViewController.swift */ = {isa = PBXFileReference; lastKnownFileType = sourcecode.swift; path = FlashCardViewController.swift; sourceTree = "<group>"; };
		81D9585620362E8A001DB217 /* FlashCardView.swift */ = {isa = PBXFileReference; lastKnownFileType = sourcecode.swift; path = FlashCardView.swift; sourceTree = "<group>"; };
		81D9585820362F71001DB217 /* CreateViewController.swift */ = {isa = PBXFileReference; lastKnownFileType = sourcecode.swift; path = CreateViewController.swift; sourceTree = "<group>"; };
		81D9585C20363016001DB217 /* CreateView.swift */ = {isa = PBXFileReference; lastKnownFileType = sourcecode.swift; path = CreateView.swift; sourceTree = "<group>"; };
		B13FD72ADAF1C759358D1FB1 /* Pods-FlashcardsWithFirebase.release.xcconfig */ = {isa = PBXFileReference; includeInIndex = 1; lastKnownFileType = text.xcconfig; name = "Pods-FlashcardsWithFirebase.release.xcconfig"; path = "Pods/Target Support Files/Pods-FlashcardsWithFirebase/Pods-FlashcardsWithFirebase.release.xcconfig"; sourceTree = "<group>"; };
		C1A4C8A845A57F5A900AF278 /* Pods-FlashcardsWithFirebaseUITests.debug.xcconfig */ = {isa = PBXFileReference; includeInIndex = 1; lastKnownFileType = text.xcconfig; name = "Pods-FlashcardsWithFirebaseUITests.debug.xcconfig"; path = "Pods/Target Support Files/Pods-FlashcardsWithFirebaseUITests/Pods-FlashcardsWithFirebaseUITests.debug.xcconfig"; sourceTree = "<group>"; };
		CC3E65017128EA2C4FFBAA3A /* Pods-FlashcardsWithFirebaseUITests.release.xcconfig */ = {isa = PBXFileReference; includeInIndex = 1; lastKnownFileType = text.xcconfig; name = "Pods-FlashcardsWithFirebaseUITests.release.xcconfig"; path = "Pods/Target Support Files/Pods-FlashcardsWithFirebaseUITests/Pods-FlashcardsWithFirebaseUITests.release.xcconfig"; sourceTree = "<group>"; };
		CE73AB66D83810DAC40563AA /* Pods-FlashcardsWithFirebase.debug.xcconfig */ = {isa = PBXFileReference; includeInIndex = 1; lastKnownFileType = text.xcconfig; name = "Pods-FlashcardsWithFirebase.debug.xcconfig"; path = "Pods/Target Support Files/Pods-FlashcardsWithFirebase/Pods-FlashcardsWithFirebase.debug.xcconfig"; sourceTree = "<group>"; };
		F9DCC40F01DFBDED965920FA /* Pods-FlashcardsWithFirebaseTests.release.xcconfig */ = {isa = PBXFileReference; includeInIndex = 1; lastKnownFileType = text.xcconfig; name = "Pods-FlashcardsWithFirebaseTests.release.xcconfig"; path = "Pods/Target Support Files/Pods-FlashcardsWithFirebaseTests/Pods-FlashcardsWithFirebaseTests.release.xcconfig"; sourceTree = "<group>"; };
/* End PBXFileReference section */

/* Begin PBXFrameworksBuildPhase section */
		813760882032525E00F5C033 /* Frameworks */ = {
			isa = PBXFrameworksBuildPhase;
			buildActionMask = 2147483647;
			files = (
				C7B0FE63402E0518B26E7097 /* Pods_FlashcardsWithFirebase.framework in Frameworks */,
			);
			runOnlyForDeploymentPostprocessing = 0;
		};
		8137609C2032525E00F5C033 /* Frameworks */ = {
			isa = PBXFrameworksBuildPhase;
			buildActionMask = 2147483647;
			files = (
				10D1EF00A2B8631369AA13BF /* Pods_FlashcardsWithFirebaseTests.framework in Frameworks */,
			);
			runOnlyForDeploymentPostprocessing = 0;
		};
		813760A72032525E00F5C033 /* Frameworks */ = {
			isa = PBXFrameworksBuildPhase;
			buildActionMask = 2147483647;
			files = (
				ED8D379EFDC28B17B04E1AA2 /* Pods_FlashcardsWithFirebaseUITests.framework in Frameworks */,
			);
			runOnlyForDeploymentPostprocessing = 0;
		};
/* End PBXFrameworksBuildPhase section */

/* Begin PBXGroup section */
		813760822032525E00F5C033 = {
			isa = PBXGroup;
			children = (
				8137608D2032525E00F5C033 /* FlashcardsWithFirebase */,
				813760A22032525E00F5C033 /* FlashcardsWithFirebaseTests */,
				813760AD2032525E00F5C033 /* FlashcardsWithFirebaseUITests */,
				8137608C2032525E00F5C033 /* Products */,
				C190AFC44D9A2891450DBF0D /* Pods */,
				C3701C00D1F432591FBB8A69 /* Frameworks */,
			);
			sourceTree = "<group>";
		};
		8137608C2032525E00F5C033 /* Products */ = {
			isa = PBXGroup;
			children = (
				8137608B2032525E00F5C033 /* FlashcardsWithFirebase.app */,
				8137609F2032525E00F5C033 /* FlashcardsWithFirebaseTests.xctest */,
				813760AA2032525E00F5C033 /* FlashcardsWithFirebaseUITests.xctest */,
			);
			name = Products;
			sourceTree = "<group>";
		};
		8137608D2032525E00F5C033 /* FlashcardsWithFirebase */ = {
			isa = PBXGroup;
			children = (
				8137608E2032525E00F5C033 /* AppDelegate.swift */,
				81D958502035ECB4001DB217 /* Services */,
				81D9584F2035ECA3001DB217 /* ViewControllers */,
				81D958512035ECBD001DB217 /* Views */,
				813760922032525E00F5C033 /* Main.storyboard */,
				813760952032525E00F5C033 /* Assets.xcassets */,
				813760972032525E00F5C033 /* LaunchScreen.storyboard */,
				8137609A2032525E00F5C033 /* Info.plist */,
				8137610A20349A2C00F5C033 /* GoogleService-Info.plist */,
			);
			path = FlashcardsWithFirebase;
			sourceTree = "<group>";
		};
		813760A22032525E00F5C033 /* FlashcardsWithFirebaseTests */ = {
			isa = PBXGroup;
			children = (
				813760A32032525E00F5C033 /* FlashcardsWithFirebaseTests.swift */,
				813760A52032525E00F5C033 /* Info.plist */,
			);
			path = FlashcardsWithFirebaseTests;
			sourceTree = "<group>";
		};
		813760AD2032525E00F5C033 /* FlashcardsWithFirebaseUITests */ = {
			isa = PBXGroup;
			children = (
				813760AE2032525E00F5C033 /* FlashcardsWithFirebaseUITests.swift */,
				813760B02032525E00F5C033 /* Info.plist */,
			);
			path = FlashcardsWithFirebaseUITests;
			sourceTree = "<group>";
		};
		819A1B1E203B5A1700AE39D9 /* CollectionCells */ = {
			isa = PBXGroup;
			children = (
				81C3CC442038A40B003F781B /* CategoryCollectionCell.swift */,
			);
			path = CollectionCells;
			sourceTree = "<group>";
		};
		81D9584F2035ECA3001DB217 /* ViewControllers */ = {
			isa = PBXGroup;
			children = (
				813760BC203275FD00F5C033 /* AccountViewController.swift */,
				813760902032525E00F5C033 /* MainViewController.swift */,
				81D9585420362E61001DB217 /* FlashCardViewController.swift */,
				81D9585820362F71001DB217 /* CreateViewController.swift */,
			);
			path = ViewControllers;
			sourceTree = "<group>";
		};
		81D958502035ECB4001DB217 /* Services */ = {
			isa = PBXGroup;
			children = (
				8137610C2034A26800F5C033 /* FirebaseModel.swift */,
				8137610E2034A4A700F5C033 /* FirebaseManager.swift */,
				81C3CC462038A4C1003F781B /* Settings.swift */,
			);
			path = Services;
			sourceTree = "<group>";
		};
		81D958512035ECBD001DB217 /* Views */ = {
			isa = PBXGroup;
			children = (
				813760C020327AC000F5C033 /* SignIn.swift */,
				813760BE2032773600F5C033 /* SignUp.swift */,
				81D958522035ED6B001DB217 /* MainView.swift */,
				81D9585620362E8A001DB217 /* FlashCardView.swift */,
				81D9585C20363016001DB217 /* CreateView.swift */,
				819A1B1E203B5A1700AE39D9 /* CollectionCells */,
			);
			path = Views;
			sourceTree = "<group>";
		};
		C190AFC44D9A2891450DBF0D /* Pods */ = {
			isa = PBXGroup;
			children = (
				CE73AB66D83810DAC40563AA /* Pods-FlashcardsWithFirebase.debug.xcconfig */,
				B13FD72ADAF1C759358D1FB1 /* Pods-FlashcardsWithFirebase.release.xcconfig */,
				624373ACC95D8F766FED451B /* Pods-FlashcardsWithFirebaseTests.debug.xcconfig */,
				F9DCC40F01DFBDED965920FA /* Pods-FlashcardsWithFirebaseTests.release.xcconfig */,
				C1A4C8A845A57F5A900AF278 /* Pods-FlashcardsWithFirebaseUITests.debug.xcconfig */,
				CC3E65017128EA2C4FFBAA3A /* Pods-FlashcardsWithFirebaseUITests.release.xcconfig */,
			);
			name = Pods;
			sourceTree = "<group>";
		};
		C3701C00D1F432591FBB8A69 /* Frameworks */ = {
			isa = PBXGroup;
			children = (
				7FEC505D052CE1168CC3E274 /* Pods_FlashcardsWithFirebase.framework */,
				130E82F71874AAA691054BC4 /* Pods_FlashcardsWithFirebaseTests.framework */,
				56934A9F80B312A306CE6EF1 /* Pods_FlashcardsWithFirebaseUITests.framework */,
			);
			name = Frameworks;
			sourceTree = "<group>";
		};
/* End PBXGroup section */

/* Begin PBXNativeTarget section */
		8137608A2032525E00F5C033 /* FlashcardsWithFirebase */ = {
			isa = PBXNativeTarget;
			buildConfigurationList = 813760B32032525E00F5C033 /* Build configuration list for PBXNativeTarget "FlashcardsWithFirebase" */;
			buildPhases = (
				8F683ED86FD7A0B7815BDA51 /* [CP] Check Pods Manifest.lock */,
				813760872032525E00F5C033 /* Sources */,
				813760882032525E00F5C033 /* Frameworks */,
				813760892032525E00F5C033 /* Resources */,
				8BF3DDE7ED05B02220B06C16 /* [CP] Embed Pods Frameworks */,
				C1DA83EF5689328936600F40 /* [CP] Copy Pods Resources */,
			);
			buildRules = (
			);
			dependencies = (
			);
			name = FlashcardsWithFirebase;
			productName = FlashcardsWithFirebase;
			productReference = 8137608B2032525E00F5C033 /* FlashcardsWithFirebase.app */;
			productType = "com.apple.product-type.application";
		};
		8137609E2032525E00F5C033 /* FlashcardsWithFirebaseTests */ = {
			isa = PBXNativeTarget;
			buildConfigurationList = 813760B62032525E00F5C033 /* Build configuration list for PBXNativeTarget "FlashcardsWithFirebaseTests" */;
			buildPhases = (
				252AD32A331FD3EDE5ED83DA /* [CP] Check Pods Manifest.lock */,
				8137609B2032525E00F5C033 /* Sources */,
				8137609C2032525E00F5C033 /* Frameworks */,
				8137609D2032525E00F5C033 /* Resources */,
				4ED1940CC8DC1E27B0B150FC /* [CP] Embed Pods Frameworks */,
				B24484B88177F06EF372572C /* [CP] Copy Pods Resources */,
			);
			buildRules = (
			);
			dependencies = (
				813760A12032525E00F5C033 /* PBXTargetDependency */,
			);
			name = FlashcardsWithFirebaseTests;
			productName = FlashcardsWithFirebaseTests;
			productReference = 8137609F2032525E00F5C033 /* FlashcardsWithFirebaseTests.xctest */;
			productType = "com.apple.product-type.bundle.unit-test";
		};
		813760A92032525E00F5C033 /* FlashcardsWithFirebaseUITests */ = {
			isa = PBXNativeTarget;
			buildConfigurationList = 813760B92032525E00F5C033 /* Build configuration list for PBXNativeTarget "FlashcardsWithFirebaseUITests" */;
			buildPhases = (
				07D9684E16194876E85790B0 /* [CP] Check Pods Manifest.lock */,
				813760A62032525E00F5C033 /* Sources */,
				813760A72032525E00F5C033 /* Frameworks */,
				813760A82032525E00F5C033 /* Resources */,
				74B2C61811AF8E7B30C4CED1 /* [CP] Embed Pods Frameworks */,
				375FA9223D14125B4ED3BC71 /* [CP] Copy Pods Resources */,
			);
			buildRules = (
			);
			dependencies = (
				813760AC2032525E00F5C033 /* PBXTargetDependency */,
			);
			name = FlashcardsWithFirebaseUITests;
			productName = FlashcardsWithFirebaseUITests;
			productReference = 813760AA2032525E00F5C033 /* FlashcardsWithFirebaseUITests.xctest */;
			productType = "com.apple.product-type.bundle.ui-testing";
		};
/* End PBXNativeTarget section */

/* Begin PBXProject section */
		813760832032525E00F5C033 /* Project object */ = {
			isa = PBXProject;
			attributes = {
				LastSwiftUpdateCheck = 0910;
				LastUpgradeCheck = 0910;
				ORGANIZATIONNAME = C4Q;
				TargetAttributes = {
					8137608A2032525E00F5C033 = {
						CreatedOnToolsVersion = 9.1;
						ProvisioningStyle = Automatic;
					};
					8137609E2032525E00F5C033 = {
						CreatedOnToolsVersion = 9.1;
						ProvisioningStyle = Automatic;
						TestTargetID = 8137608A2032525E00F5C033;
					};
					813760A92032525E00F5C033 = {
						CreatedOnToolsVersion = 9.1;
						ProvisioningStyle = Automatic;
						TestTargetID = 8137608A2032525E00F5C033;
					};
				};
			};
			buildConfigurationList = 813760862032525E00F5C033 /* Build configuration list for PBXProject "FlashcardsWithFirebase" */;
			compatibilityVersion = "Xcode 8.0";
			developmentRegion = en;
			hasScannedForEncodings = 0;
			knownRegions = (
				en,
				Base,
			);
			mainGroup = 813760822032525E00F5C033;
			productRefGroup = 8137608C2032525E00F5C033 /* Products */;
			projectDirPath = "";
			projectRoot = "";
			targets = (
				8137608A2032525E00F5C033 /* FlashcardsWithFirebase */,
				8137609E2032525E00F5C033 /* FlashcardsWithFirebaseTests */,
				813760A92032525E00F5C033 /* FlashcardsWithFirebaseUITests */,
			);
		};
/* End PBXProject section */

/* Begin PBXResourcesBuildPhase section */
		813760892032525E00F5C033 /* Resources */ = {
			isa = PBXResourcesBuildPhase;
			buildActionMask = 2147483647;
			files = (
				813760992032525E00F5C033 /* LaunchScreen.storyboard in Resources */,
				8137610B20349A2C00F5C033 /* GoogleService-Info.plist in Resources */,
				813760962032525E00F5C033 /* Assets.xcassets in Resources */,
				813760942032525E00F5C033 /* Main.storyboard in Resources */,
			);
			runOnlyForDeploymentPostprocessing = 0;
		};
		8137609D2032525E00F5C033 /* Resources */ = {
			isa = PBXResourcesBuildPhase;
			buildActionMask = 2147483647;
			files = (
			);
			runOnlyForDeploymentPostprocessing = 0;
		};
		813760A82032525E00F5C033 /* Resources */ = {
			isa = PBXResourcesBuildPhase;
			buildActionMask = 2147483647;
			files = (
			);
			runOnlyForDeploymentPostprocessing = 0;
		};
/* End PBXResourcesBuildPhase section */

/* Begin PBXShellScriptBuildPhase section */
		07D9684E16194876E85790B0 /* [CP] Check Pods Manifest.lock */ = {
			isa = PBXShellScriptBuildPhase;
			buildActionMask = 2147483647;
			files = (
			);
			inputPaths = (
				"${PODS_PODFILE_DIR_PATH}/Podfile.lock",
				"${PODS_ROOT}/Manifest.lock",
			);
			name = "[CP] Check Pods Manifest.lock";
			outputPaths = (
				"$(DERIVED_FILE_DIR)/Pods-FlashcardsWithFirebaseUITests-checkManifestLockResult.txt",
			);
			runOnlyForDeploymentPostprocessing = 0;
			shellPath = /bin/sh;
			shellScript = "diff \"${PODS_PODFILE_DIR_PATH}/Podfile.lock\" \"${PODS_ROOT}/Manifest.lock\" > /dev/null\nif [ $? != 0 ] ; then\n    # print error to STDERR\n    echo \"error: The sandbox is not in sync with the Podfile.lock. Run 'pod install' or update your CocoaPods installation.\" >&2\n    exit 1\nfi\n# This output is used by Xcode 'outputs' to avoid re-running this script phase.\necho \"SUCCESS\" > \"${SCRIPT_OUTPUT_FILE_0}\"\n";
			showEnvVarsInLog = 0;
		};
		252AD32A331FD3EDE5ED83DA /* [CP] Check Pods Manifest.lock */ = {
			isa = PBXShellScriptBuildPhase;
			buildActionMask = 2147483647;
			files = (
			);
			inputPaths = (
				"${PODS_PODFILE_DIR_PATH}/Podfile.lock",
				"${PODS_ROOT}/Manifest.lock",
			);
			name = "[CP] Check Pods Manifest.lock";
			outputPaths = (
				"$(DERIVED_FILE_DIR)/Pods-FlashcardsWithFirebaseTests-checkManifestLockResult.txt",
			);
			runOnlyForDeploymentPostprocessing = 0;
			shellPath = /bin/sh;
			shellScript = "diff \"${PODS_PODFILE_DIR_PATH}/Podfile.lock\" \"${PODS_ROOT}/Manifest.lock\" > /dev/null\nif [ $? != 0 ] ; then\n    # print error to STDERR\n    echo \"error: The sandbox is not in sync with the Podfile.lock. Run 'pod install' or update your CocoaPods installation.\" >&2\n    exit 1\nfi\n# This output is used by Xcode 'outputs' to avoid re-running this script phase.\necho \"SUCCESS\" > \"${SCRIPT_OUTPUT_FILE_0}\"\n";
			showEnvVarsInLog = 0;
		};
		375FA9223D14125B4ED3BC71 /* [CP] Copy Pods Resources */ = {
			isa = PBXShellScriptBuildPhase;
			buildActionMask = 2147483647;
			files = (
			);
			inputPaths = (
			);
			name = "[CP] Copy Pods Resources";
			outputPaths = (
			);
			runOnlyForDeploymentPostprocessing = 0;
			shellPath = /bin/sh;
			shellScript = "\"${SRCROOT}/Pods/Target Support Files/Pods-FlashcardsWithFirebaseUITests/Pods-FlashcardsWithFirebaseUITests-resources.sh\"\n";
			showEnvVarsInLog = 0;
		};
		4ED1940CC8DC1E27B0B150FC /* [CP] Embed Pods Frameworks */ = {
			isa = PBXShellScriptBuildPhase;
			buildActionMask = 2147483647;
			files = (
			);
			inputPaths = (
			);
			name = "[CP] Embed Pods Frameworks";
			outputPaths = (
			);
			runOnlyForDeploymentPostprocessing = 0;
			shellPath = /bin/sh;
			shellScript = "\"${SRCROOT}/Pods/Target Support Files/Pods-FlashcardsWithFirebaseTests/Pods-FlashcardsWithFirebaseTests-frameworks.sh\"\n";
			showEnvVarsInLog = 0;
		};
		74B2C61811AF8E7B30C4CED1 /* [CP] Embed Pods Frameworks */ = {
			isa = PBXShellScriptBuildPhase;
			buildActionMask = 2147483647;
			files = (
			);
			inputPaths = (
			);
			name = "[CP] Embed Pods Frameworks";
			outputPaths = (
			);
			runOnlyForDeploymentPostprocessing = 0;
			shellPath = /bin/sh;
			shellScript = "\"${SRCROOT}/Pods/Target Support Files/Pods-FlashcardsWithFirebaseUITests/Pods-FlashcardsWithFirebaseUITests-frameworks.sh\"\n";
			showEnvVarsInLog = 0;
		};
		8BF3DDE7ED05B02220B06C16 /* [CP] Embed Pods Frameworks */ = {
			isa = PBXShellScriptBuildPhase;
			buildActionMask = 2147483647;
			files = (
			);
			inputPaths = (
				"${SRCROOT}/Pods/Target Support Files/Pods-FlashcardsWithFirebase/Pods-FlashcardsWithFirebase-frameworks.sh",
				"${BUILT_PRODUCTS_DIR}/GTMSessionFetcher/GTMSessionFetcher.framework",
				"${BUILT_PRODUCTS_DIR}/GoogleToolboxForMac/GoogleToolboxForMac.framework",
				"${BUILT_PRODUCTS_DIR}/SnapKit/SnapKit.framework",
				"${BUILT_PRODUCTS_DIR}/leveldb-library/leveldb.framework",
				"${BUILT_PRODUCTS_DIR}/nanopb/nanopb.framework",
			);
			name = "[CP] Embed Pods Frameworks";
			outputPaths = (
				"${TARGET_BUILD_DIR}/${FRAMEWORKS_FOLDER_PATH}/GTMSessionFetcher.framework",
				"${TARGET_BUILD_DIR}/${FRAMEWORKS_FOLDER_PATH}/GoogleToolboxForMac.framework",
				"${TARGET_BUILD_DIR}/${FRAMEWORKS_FOLDER_PATH}/SnapKit.framework",
				"${TARGET_BUILD_DIR}/${FRAMEWORKS_FOLDER_PATH}/leveldb.framework",
				"${TARGET_BUILD_DIR}/${FRAMEWORKS_FOLDER_PATH}/nanopb.framework",
			);
			runOnlyForDeploymentPostprocessing = 0;
			shellPath = /bin/sh;
			shellScript = "\"${SRCROOT}/Pods/Target Support Files/Pods-FlashcardsWithFirebase/Pods-FlashcardsWithFirebase-frameworks.sh\"\n";
			showEnvVarsInLog = 0;
		};
		8F683ED86FD7A0B7815BDA51 /* [CP] Check Pods Manifest.lock */ = {
			isa = PBXShellScriptBuildPhase;
			buildActionMask = 2147483647;
			files = (
			);
			inputPaths = (
				"${PODS_PODFILE_DIR_PATH}/Podfile.lock",
				"${PODS_ROOT}/Manifest.lock",
			);
			name = "[CP] Check Pods Manifest.lock";
			outputPaths = (
				"$(DERIVED_FILE_DIR)/Pods-FlashcardsWithFirebase-checkManifestLockResult.txt",
			);
			runOnlyForDeploymentPostprocessing = 0;
			shellPath = /bin/sh;
			shellScript = "diff \"${PODS_PODFILE_DIR_PATH}/Podfile.lock\" \"${PODS_ROOT}/Manifest.lock\" > /dev/null\nif [ $? != 0 ] ; then\n    # print error to STDERR\n    echo \"error: The sandbox is not in sync with the Podfile.lock. Run 'pod install' or update your CocoaPods installation.\" >&2\n    exit 1\nfi\n# This output is used by Xcode 'outputs' to avoid re-running this script phase.\necho \"SUCCESS\" > \"${SCRIPT_OUTPUT_FILE_0}\"\n";
			showEnvVarsInLog = 0;
		};
		B24484B88177F06EF372572C /* [CP] Copy Pods Resources */ = {
			isa = PBXShellScriptBuildPhase;
			buildActionMask = 2147483647;
			files = (
			);
			inputPaths = (
			);
			name = "[CP] Copy Pods Resources";
			outputPaths = (
			);
			runOnlyForDeploymentPostprocessing = 0;
			shellPath = /bin/sh;
			shellScript = "\"${SRCROOT}/Pods/Target Support Files/Pods-FlashcardsWithFirebaseTests/Pods-FlashcardsWithFirebaseTests-resources.sh\"\n";
			showEnvVarsInLog = 0;
		};
		C1DA83EF5689328936600F40 /* [CP] Copy Pods Resources */ = {
			isa = PBXShellScriptBuildPhase;
			buildActionMask = 2147483647;
			files = (
			);
			inputPaths = (
			);
			name = "[CP] Copy Pods Resources";
			outputPaths = (
			);
			runOnlyForDeploymentPostprocessing = 0;
			shellPath = /bin/sh;
			shellScript = "\"${SRCROOT}/Pods/Target Support Files/Pods-FlashcardsWithFirebase/Pods-FlashcardsWithFirebase-resources.sh\"\n";
			showEnvVarsInLog = 0;
		};
/* End PBXShellScriptBuildPhase section */

/* Begin PBXSourcesBuildPhase section */
		813760872032525E00F5C033 /* Sources */ = {
			isa = PBXSourcesBuildPhase;
			buildActionMask = 2147483647;
			files = (
				81D9585920362F71001DB217 /* CreateViewController.swift in Sources */,
				8137610D2034A26800F5C033 /* FirebaseModel.swift in Sources */,
				81D958532035ED6B001DB217 /* MainView.swift in Sources */,
				813760BD203275FD00F5C033 /* AccountViewController.swift in Sources */,
				81C3CC472038A4C1003F781B /* Settings.swift in Sources */,
				81C3CC452038A40B003F781B /* CategoryCollectionCell.swift in Sources */,
				81D9585720362E8A001DB217 /* FlashCardView.swift in Sources */,
				81D9585520362E61001DB217 /* FlashCardViewController.swift in Sources */,
				8137610F2034A4A700F5C033 /* FirebaseManager.swift in Sources */,
				813760912032525E00F5C033 /* MainViewController.swift in Sources */,
				813760C120327AC000F5C033 /* SignIn.swift in Sources */,
				813760BF2032773600F5C033 /* SignUp.swift in Sources */,
				81D9585D20363016001DB217 /* CreateView.swift in Sources */,
				8137608F2032525E00F5C033 /* AppDelegate.swift in Sources */,
			);
			runOnlyForDeploymentPostprocessing = 0;
		};
		8137609B2032525E00F5C033 /* Sources */ = {
			isa = PBXSourcesBuildPhase;
			buildActionMask = 2147483647;
			files = (
				813760A42032525E00F5C033 /* FlashcardsWithFirebaseTests.swift in Sources */,
			);
			runOnlyForDeploymentPostprocessing = 0;
		};
		813760A62032525E00F5C033 /* Sources */ = {
			isa = PBXSourcesBuildPhase;
			buildActionMask = 2147483647;
			files = (
				813760AF2032525E00F5C033 /* FlashcardsWithFirebaseUITests.swift in Sources */,
			);
			runOnlyForDeploymentPostprocessing = 0;
		};
/* End PBXSourcesBuildPhase section */

/* Begin PBXTargetDependency section */
		813760A12032525E00F5C033 /* PBXTargetDependency */ = {
			isa = PBXTargetDependency;
			target = 8137608A2032525E00F5C033 /* FlashcardsWithFirebase */;
			targetProxy = 813760A02032525E00F5C033 /* PBXContainerItemProxy */;
		};
		813760AC2032525E00F5C033 /* PBXTargetDependency */ = {
			isa = PBXTargetDependency;
			target = 8137608A2032525E00F5C033 /* FlashcardsWithFirebase */;
			targetProxy = 813760AB2032525E00F5C033 /* PBXContainerItemProxy */;
		};
/* End PBXTargetDependency section */

/* Begin PBXVariantGroup section */
		813760922032525E00F5C033 /* Main.storyboard */ = {
			isa = PBXVariantGroup;
			children = (
				813760932032525E00F5C033 /* Base */,
			);
			name = Main.storyboard;
			sourceTree = "<group>";
		};
		813760972032525E00F5C033 /* LaunchScreen.storyboard */ = {
			isa = PBXVariantGroup;
			children = (
				813760982032525E00F5C033 /* Base */,
			);
			name = LaunchScreen.storyboard;
			sourceTree = "<group>";
		};
/* End PBXVariantGroup section */

/* Begin XCBuildConfiguration section */
		813760B12032525E00F5C033 /* Debug */ = {
			isa = XCBuildConfiguration;
			buildSettings = {
				ALWAYS_SEARCH_USER_PATHS = NO;
				CLANG_ANALYZER_NONNULL = YES;
				CLANG_ANALYZER_NUMBER_OBJECT_CONVERSION = YES_AGGRESSIVE;
				CLANG_CXX_LANGUAGE_STANDARD = "gnu++14";
				CLANG_CXX_LIBRARY = "libc++";
				CLANG_ENABLE_MODULES = YES;
				CLANG_ENABLE_OBJC_ARC = YES;
				CLANG_WARN_BLOCK_CAPTURE_AUTORELEASING = YES;
				CLANG_WARN_BOOL_CONVERSION = YES;
				CLANG_WARN_COMMA = YES;
				CLANG_WARN_CONSTANT_CONVERSION = YES;
				CLANG_WARN_DIRECT_OBJC_ISA_USAGE = YES_ERROR;
				CLANG_WARN_DOCUMENTATION_COMMENTS = YES;
				CLANG_WARN_EMPTY_BODY = YES;
				CLANG_WARN_ENUM_CONVERSION = YES;
				CLANG_WARN_INFINITE_RECURSION = YES;
				CLANG_WARN_INT_CONVERSION = YES;
				CLANG_WARN_NON_LITERAL_NULL_CONVERSION = YES;
				CLANG_WARN_OBJC_LITERAL_CONVERSION = YES;
				CLANG_WARN_OBJC_ROOT_CLASS = YES_ERROR;
				CLANG_WARN_RANGE_LOOP_ANALYSIS = YES;
				CLANG_WARN_STRICT_PROTOTYPES = YES;
				CLANG_WARN_SUSPICIOUS_MOVE = YES;
				CLANG_WARN_UNGUARDED_AVAILABILITY = YES_AGGRESSIVE;
				CLANG_WARN_UNREACHABLE_CODE = YES;
				CLANG_WARN__DUPLICATE_METHOD_MATCH = YES;
				CODE_SIGN_IDENTITY = "iPhone Developer";
				COPY_PHASE_STRIP = NO;
				DEBUG_INFORMATION_FORMAT = dwarf;
				ENABLE_STRICT_OBJC_MSGSEND = YES;
				ENABLE_TESTABILITY = YES;
				GCC_C_LANGUAGE_STANDARD = gnu11;
				GCC_DYNAMIC_NO_PIC = NO;
				GCC_NO_COMMON_BLOCKS = YES;
				GCC_OPTIMIZATION_LEVEL = 0;
				GCC_PREPROCESSOR_DEFINITIONS = (
					"DEBUG=1",
					"$(inherited)",
				);
				GCC_WARN_64_TO_32_BIT_CONVERSION = YES;
				GCC_WARN_ABOUT_RETURN_TYPE = YES_ERROR;
				GCC_WARN_UNDECLARED_SELECTOR = YES;
				GCC_WARN_UNINITIALIZED_AUTOS = YES_AGGRESSIVE;
				GCC_WARN_UNUSED_FUNCTION = YES;
				GCC_WARN_UNUSED_VARIABLE = YES;
				IPHONEOS_DEPLOYMENT_TARGET = 11.1;
				MTL_ENABLE_DEBUG_INFO = YES;
				ONLY_ACTIVE_ARCH = YES;
				SDKROOT = iphoneos;
				SWIFT_ACTIVE_COMPILATION_CONDITIONS = DEBUG;
				SWIFT_OPTIMIZATION_LEVEL = "-Onone";
			};
			name = Debug;
		};
		813760B22032525E00F5C033 /* Release */ = {
			isa = XCBuildConfiguration;
			buildSettings = {
				ALWAYS_SEARCH_USER_PATHS = NO;
				CLANG_ANALYZER_NONNULL = YES;
				CLANG_ANALYZER_NUMBER_OBJECT_CONVERSION = YES_AGGRESSIVE;
				CLANG_CXX_LANGUAGE_STANDARD = "gnu++14";
				CLANG_CXX_LIBRARY = "libc++";
				CLANG_ENABLE_MODULES = YES;
				CLANG_ENABLE_OBJC_ARC = YES;
				CLANG_WARN_BLOCK_CAPTURE_AUTORELEASING = YES;
				CLANG_WARN_BOOL_CONVERSION = YES;
				CLANG_WARN_COMMA = YES;
				CLANG_WARN_CONSTANT_CONVERSION = YES;
				CLANG_WARN_DIRECT_OBJC_ISA_USAGE = YES_ERROR;
				CLANG_WARN_DOCUMENTATION_COMMENTS = YES;
				CLANG_WARN_EMPTY_BODY = YES;
				CLANG_WARN_ENUM_CONVERSION = YES;
				CLANG_WARN_INFINITE_RECURSION = YES;
				CLANG_WARN_INT_CONVERSION = YES;
				CLANG_WARN_NON_LITERAL_NULL_CONVERSION = YES;
				CLANG_WARN_OBJC_LITERAL_CONVERSION = YES;
				CLANG_WARN_OBJC_ROOT_CLASS = YES_ERROR;
				CLANG_WARN_RANGE_LOOP_ANALYSIS = YES;
				CLANG_WARN_STRICT_PROTOTYPES = YES;
				CLANG_WARN_SUSPICIOUS_MOVE = YES;
				CLANG_WARN_UNGUARDED_AVAILABILITY = YES_AGGRESSIVE;
				CLANG_WARN_UNREACHABLE_CODE = YES;
				CLANG_WARN__DUPLICATE_METHOD_MATCH = YES;
				CODE_SIGN_IDENTITY = "iPhone Developer";
				COPY_PHASE_STRIP = NO;
				DEBUG_INFORMATION_FORMAT = "dwarf-with-dsym";
				ENABLE_NS_ASSERTIONS = NO;
				ENABLE_STRICT_OBJC_MSGSEND = YES;
				GCC_C_LANGUAGE_STANDARD = gnu11;
				GCC_NO_COMMON_BLOCKS = YES;
				GCC_WARN_64_TO_32_BIT_CONVERSION = YES;
				GCC_WARN_ABOUT_RETURN_TYPE = YES_ERROR;
				GCC_WARN_UNDECLARED_SELECTOR = YES;
				GCC_WARN_UNINITIALIZED_AUTOS = YES_AGGRESSIVE;
				GCC_WARN_UNUSED_FUNCTION = YES;
				GCC_WARN_UNUSED_VARIABLE = YES;
				IPHONEOS_DEPLOYMENT_TARGET = 11.1;
				MTL_ENABLE_DEBUG_INFO = NO;
				SDKROOT = iphoneos;
				SWIFT_OPTIMIZATION_LEVEL = "-Owholemodule";
				VALIDATE_PRODUCT = YES;
			};
			name = Release;
		};
		813760B42032525E00F5C033 /* Debug */ = {
			isa = XCBuildConfiguration;
			baseConfigurationReference = CE73AB66D83810DAC40563AA /* Pods-FlashcardsWithFirebase.debug.xcconfig */;
			buildSettings = {
				ASSETCATALOG_COMPILER_APPICON_NAME = AppIcon;
				CODE_SIGN_STYLE = Automatic;
				INFOPLIST_FILE = FlashcardsWithFirebase/Info.plist;
				LD_RUNPATH_SEARCH_PATHS = "$(inherited) @executable_path/Frameworks";
				PRODUCT_BUNDLE_IDENTIFIER = ac.c4q.nyc.FlashcardsWithFirebase;
				PRODUCT_NAME = "$(TARGET_NAME)";
				SWIFT_VERSION = 4.0;
				TARGETED_DEVICE_FAMILY = "1,2";
			};
			name = Debug;
		};
		813760B52032525E00F5C033 /* Release */ = {
			isa = XCBuildConfiguration;
			baseConfigurationReference = B13FD72ADAF1C759358D1FB1 /* Pods-FlashcardsWithFirebase.release.xcconfig */;
			buildSettings = {
				ASSETCATALOG_COMPILER_APPICON_NAME = AppIcon;
				CODE_SIGN_STYLE = Automatic;
				INFOPLIST_FILE = FlashcardsWithFirebase/Info.plist;
				LD_RUNPATH_SEARCH_PATHS = "$(inherited) @executable_path/Frameworks";
				PRODUCT_BUNDLE_IDENTIFIER = ac.c4q.nyc.FlashcardsWithFirebase;
				PRODUCT_NAME = "$(TARGET_NAME)";
				SWIFT_VERSION = 4.0;
				TARGETED_DEVICE_FAMILY = "1,2";
			};
			name = Release;
		};
		813760B72032525E00F5C033 /* Debug */ = {
			isa = XCBuildConfiguration;
			baseConfigurationReference = 624373ACC95D8F766FED451B /* Pods-FlashcardsWithFirebaseTests.debug.xcconfig */;
			buildSettings = {
				ALWAYS_EMBED_SWIFT_STANDARD_LIBRARIES = YES;
				BUNDLE_LOADER = "$(TEST_HOST)";
				CODE_SIGN_STYLE = Automatic;
				INFOPLIST_FILE = FlashcardsWithFirebaseTests/Info.plist;
				LD_RUNPATH_SEARCH_PATHS = "$(inherited) @executable_path/Frameworks @loader_path/Frameworks";
				PRODUCT_BUNDLE_IDENTIFIER = ac.c4q.nyc.FlashcardsWithFirebaseTests;
				PRODUCT_NAME = "$(TARGET_NAME)";
				SWIFT_VERSION = 4.0;
				TARGETED_DEVICE_FAMILY = "1,2";
				TEST_HOST = "$(BUILT_PRODUCTS_DIR)/FlashcardsWithFirebase.app/FlashcardsWithFirebase";
			};
			name = Debug;
		};
		813760B82032525E00F5C033 /* Release */ = {
			isa = XCBuildConfiguration;
			baseConfigurationReference = F9DCC40F01DFBDED965920FA /* Pods-FlashcardsWithFirebaseTests.release.xcconfig */;
			buildSettings = {
				ALWAYS_EMBED_SWIFT_STANDARD_LIBRARIES = YES;
				BUNDLE_LOADER = "$(TEST_HOST)";
				CODE_SIGN_STYLE = Automatic;
				INFOPLIST_FILE = FlashcardsWithFirebaseTests/Info.plist;
				LD_RUNPATH_SEARCH_PATHS = "$(inherited) @executable_path/Frameworks @loader_path/Frameworks";
				PRODUCT_BUNDLE_IDENTIFIER = ac.c4q.nyc.FlashcardsWithFirebaseTests;
				PRODUCT_NAME = "$(TARGET_NAME)";
				SWIFT_VERSION = 4.0;
				TARGETED_DEVICE_FAMILY = "1,2";
				TEST_HOST = "$(BUILT_PRODUCTS_DIR)/FlashcardsWithFirebase.app/FlashcardsWithFirebase";
			};
			name = Release;
		};
		813760BA2032525E00F5C033 /* Debug */ = {
			isa = XCBuildConfiguration;
			baseConfigurationReference = C1A4C8A845A57F5A900AF278 /* Pods-FlashcardsWithFirebaseUITests.debug.xcconfig */;
			buildSettings = {
				ALWAYS_EMBED_SWIFT_STANDARD_LIBRARIES = YES;
				CODE_SIGN_STYLE = Automatic;
				INFOPLIST_FILE = FlashcardsWithFirebaseUITests/Info.plist;
				LD_RUNPATH_SEARCH_PATHS = "$(inherited) @executable_path/Frameworks @loader_path/Frameworks";
				PRODUCT_BUNDLE_IDENTIFIER = ac.c4q.nyc.FlashcardsWithFirebaseUITests;
				PRODUCT_NAME = "$(TARGET_NAME)";
				SWIFT_VERSION = 4.0;
				TARGETED_DEVICE_FAMILY = "1,2";
				TEST_TARGET_NAME = FlashcardsWithFirebase;
			};
			name = Debug;
		};
		813760BB2032525E00F5C033 /* Release */ = {
			isa = XCBuildConfiguration;
			baseConfigurationReference = CC3E65017128EA2C4FFBAA3A /* Pods-FlashcardsWithFirebaseUITests.release.xcconfig */;
			buildSettings = {
				ALWAYS_EMBED_SWIFT_STANDARD_LIBRARIES = YES;
				CODE_SIGN_STYLE = Automatic;
				INFOPLIST_FILE = FlashcardsWithFirebaseUITests/Info.plist;
				LD_RUNPATH_SEARCH_PATHS = "$(inherited) @executable_path/Frameworks @loader_path/Frameworks";
				PRODUCT_BUNDLE_IDENTIFIER = ac.c4q.nyc.FlashcardsWithFirebaseUITests;
				PRODUCT_NAME = "$(TARGET_NAME)";
				SWIFT_VERSION = 4.0;
				TARGETED_DEVICE_FAMILY = "1,2";
				TEST_TARGET_NAME = FlashcardsWithFirebase;
			};
			name = Release;
		};
/* End XCBuildConfiguration section */

/* Begin XCConfigurationList section */
		813760862032525E00F5C033 /* Build configuration list for PBXProject "FlashcardsWithFirebase" */ = {
			isa = XCConfigurationList;
			buildConfigurations = (
				813760B12032525E00F5C033 /* Debug */,
				813760B22032525E00F5C033 /* Release */,
			);
			defaultConfigurationIsVisible = 0;
			defaultConfigurationName = Release;
		};
		813760B32032525E00F5C033 /* Build configuration list for PBXNativeTarget "FlashcardsWithFirebase" */ = {
			isa = XCConfigurationList;
			buildConfigurations = (
				813760B42032525E00F5C033 /* Debug */,
				813760B52032525E00F5C033 /* Release */,
			);
			defaultConfigurationIsVisible = 0;
			defaultConfigurationName = Release;
		};
		813760B62032525E00F5C033 /* Build configuration list for PBXNativeTarget "FlashcardsWithFirebaseTests" */ = {
			isa = XCConfigurationList;
			buildConfigurations = (
				813760B72032525E00F5C033 /* Debug */,
				813760B82032525E00F5C033 /* Release */,
			);
			defaultConfigurationIsVisible = 0;
			defaultConfigurationName = Release;
		};
		813760B92032525E00F5C033 /* Build configuration list for PBXNativeTarget "FlashcardsWithFirebaseUITests" */ = {
			isa = XCConfigurationList;
			buildConfigurations = (
				813760BA2032525E00F5C033 /* Debug */,
				813760BB2032525E00F5C033 /* Release */,
			);
			defaultConfigurationIsVisible = 0;
			defaultConfigurationName = Release;
		};
/* End XCConfigurationList section */
	};
	rootObject = 813760832032525E00F5C033 /* Project object */;
}
